# THIS IS AN AUTOGENERATED FILE. DO NOT EDIT THIS FILE DIRECTLY.
# yarn lockfile v1


"@babel/runtime@^7.9.2":
  version "7.18.6"
  resolved "https://registry.yarnpkg.com/@babel/runtime/-/runtime-7.18.6.tgz#6a1ef59f838debd670421f8c7f2cbb8da9751580"
  integrity sha512-t9wi7/AW6XtKahAe20Yw0/mMljKq0B1r2fPdvaAdV/KPDZewFXdaaa6K7lxmZBZ8FBNpCiAT6iHPmd6QO9bKfQ==
  dependencies:
    regenerator-runtime "^0.13.4"

"@types/hoist-non-react-statics@^3.3.0":
  version "3.3.1"
  resolved "https://registry.yarnpkg.com/@types/hoist-non-react-statics/-/hoist-non-react-statics-3.3.1.tgz#1124aafe5118cb591977aeb1ceaaed1070eb039f"
  integrity sha512-iMIqiko6ooLrTh1joXodJK5X9xeEALT1kM5G3ZLhD3hszxBdIEd5C75U834D9mLcINgD4OyZf5uQXjkuYydWvA==
  dependencies:
    "@types/react" "*"
    hoist-non-react-statics "^3.3.0"

"@types/node@*":
  version "18.0.5"
  resolved "https://registry.yarnpkg.com/@types/node/-/node-18.0.5.tgz#96be8113b014e9e7f0c3609c4a25afadd85ff659"
  integrity sha512-En7tneq+j0qAiVwysBD79y86MT3ModuoIJbe7JXp+sb5UAjInSShmK3nXXMioBzfF7rXC12hv12d4IyCVwN4dA==

"@types/prop-types@*":
  version "15.7.5"
  resolved "https://registry.yarnpkg.com/@types/prop-types/-/prop-types-15.7.5.tgz#5f19d2b85a98e9558036f6a3cacc8819420f05cf"
  integrity sha512-JCB8C6SnDoQf0cNycqd/35A7MjcnK+ZTqE7judS6o7utxUCg6imJg3QK2qzHKszlTjcj2cn+NwMB2i96ubpj7w==

"@types/react-bootstrap@^0.32.30":
  version "0.32.30"
  resolved "https://registry.yarnpkg.com/@types/react-bootstrap/-/react-bootstrap-0.32.30.tgz#159ad4794d0b3e1c4e8bed82a7b6eba61e84b31a"
  integrity sha512-VylYVY38aitDEyvM/h9IBmdwVzwRNcP2zJS2OA12M5lDzGSzzmYAoSaKnR3Ew7VN8xxw0mIlWEMhc2ZYPeeqWg==
  dependencies:
    "@types/react" "*"

"@types/react-loadable@^5.5.6":
  version "5.5.6"
  resolved "https://registry.yarnpkg.com/@types/react-loadable/-/react-loadable-5.5.6.tgz#fcf6493d5015a4602672f3773a32032ce77fedea"
  integrity sha512-2M7xH/wawZxNybbs/a76JkpUsMk4z6AxBh92cUtIBy2vK7EYYuitQbC4laY0hGz0e05R+mQ44YeHMtH2U+gMsw==
  dependencies:
    "@types/react" "*"
    "@types/webpack" "^4"

"@types/react-redux@^7.1.24":
  version "7.1.24"
  resolved "https://registry.yarnpkg.com/@types/react-redux/-/react-redux-7.1.24.tgz#6caaff1603aba17b27d20f8ad073e4c077e975c0"
  integrity sha512-7FkurKcS1k0FHZEtdbbgN8Oc6b+stGSfZYjQGicofJ0j4U0qIn/jaSvnP2pLwZKiai3/17xqqxkkrxTgN8UNbQ==
  dependencies:
    "@types/hoist-non-react-statics" "^3.3.0"
    "@types/react" "*"
    hoist-non-react-statics "^3.3.0"
    redux "^4.0.0"

"@types/react@*":
  version "18.0.15"
  resolved "https://registry.yarnpkg.com/@types/react/-/react-18.0.15.tgz#d355644c26832dc27f3e6cbf0c4f4603fc4ab7fe"
  integrity sha512-iz3BtLuIYH1uWdsv6wXYdhozhqj20oD4/Hk2DNXIn1kFsmp9x8d9QB6FnPhfkbhd2PgEONt9Q1x/ebkwjfFLow==
  dependencies:
    "@types/prop-types" "*"
    "@types/scheduler" "*"
    csstype "^3.0.2"

"@types/scheduler@*":
  version "0.16.2"
  resolved "https://registry.yarnpkg.com/@types/scheduler/-/scheduler-0.16.2.tgz#1a62f89525723dde24ba1b01b092bf5df8ad4d39"
  integrity sha512-hppQEBDmlwhFAXKJX2KnWLYu5yMfi91yazPb2l+lbJiwW+wdo1gNeRA+3RgNSO39WYX2euey41KEwnqesU2Jew==

"@types/source-list-map@*":
  version "0.1.2"
  resolved "https://registry.yarnpkg.com/@types/source-list-map/-/source-list-map-0.1.2.tgz#0078836063ffaf17412349bba364087e0ac02ec9"
  integrity sha512-K5K+yml8LTo9bWJI/rECfIPrGgxdpeNbj+d53lwN4QjW1MCwlkhUms+gtdzigTeUyBr09+u8BwOIY3MXvHdcsA==

"@types/tapable@^1":
  version "1.0.8"
  resolved "https://registry.yarnpkg.com/@types/tapable/-/tapable-1.0.8.tgz#b94a4391c85666c7b73299fd3ad79d4faa435310"
  integrity sha512-ipixuVrh2OdNmauvtT51o3d8z12p6LtFW9in7U79der/kwejjdNchQC5UMn5u/KxNoM7VHHOs/l8KS8uHxhODQ==

"@types/uglify-js@*":
  version "3.16.0"
  resolved "https://registry.yarnpkg.com/@types/uglify-js/-/uglify-js-3.16.0.tgz#2cf74a0e6ebb6cd54c0d48e509d5bd91160a9602"
  integrity sha512-0yeUr92L3r0GLRnBOvtYK1v2SjqMIqQDHMl7GLb+l2L8+6LSFWEEWEIgVsPdMn5ImLM8qzWT8xFPtQYpp8co0g==
  dependencies:
    source-map "^0.6.1"

"@types/webpack-sources@*":
  version "3.2.0"
  resolved "https://registry.yarnpkg.com/@types/webpack-sources/-/webpack-sources-3.2.0.tgz#16d759ba096c289034b26553d2df1bf45248d38b"
  integrity sha512-Ft7YH3lEVRQ6ls8k4Ff1oB4jN6oy/XmU6tQISKdhfh+1mR+viZFphS6WL0IrtDOzvefmJg5a0s7ZQoRXwqTEFg==
  dependencies:
    "@types/node" "*"
    "@types/source-list-map" "*"
    source-map "^0.7.3"

"@types/webpack@^4":
  version "4.41.32"
  resolved "https://registry.yarnpkg.com/@types/webpack/-/webpack-4.41.32.tgz#a7bab03b72904070162b2f169415492209e94212"
  integrity sha512-cb+0ioil/7oz5//7tZUSwbrSAN/NWHrQylz5cW8G0dWTcF/g+/dSdMlKVZspBYuMAN1+WnwHrkxiRrLcwd0Heg==
  dependencies:
    "@types/node" "*"
    "@types/tapable" "^1"
    "@types/uglify-js" "*"
    "@types/webpack-sources" "*"
    anymatch "^3.0.0"
    source-map "^0.6.0"

anymatch@^3.0.0:
  version "3.1.2"
  resolved "https://registry.yarnpkg.com/anymatch/-/anymatch-3.1.2.tgz#c0557c096af32f106198f4f4e2a383537e378716"
  integrity sha512-P43ePfOAIupkguHUycrc4qJ9kz8ZiuOUijaETwX7THt0Y/GNK7v0aa8rY816xWjZ7rJdA5XdMcpVFTKMq+RvWg==
  dependencies:
    normalize-path "^3.0.0"
    picomatch "^2.0.4"

csstype@^3.0.2:
  version "3.1.0"
  resolved "https://registry.yarnpkg.com/csstype/-/csstype-3.1.0.tgz#4ddcac3718d787cf9df0d1b7d15033925c8f29f2"
  integrity sha512-uX1KG+x9h5hIJsaKR9xHUeUraxf8IODOwq9JLNPq6BwB04a/xgpq3rcx47l5BZu5zBPlgD342tdke3Hom/nJRA==

hoist-non-react-statics@^3.3.0:
  version "3.3.2"
  resolved "https://registry.yarnpkg.com/hoist-non-react-statics/-/hoist-non-react-statics-3.3.2.tgz#ece0acaf71d62c2969c2ec59feff42a4b1a85b45"
  integrity sha512-/gGivxi8JPKWNm/W0jSmzcMPpfpPLc3dY/6GxhX2hQ9iGj3aDfklV4ET7NjKpSinLpJ5vafa9iiGIEZg10SfBw==
  dependencies:
    react-is "^16.7.0"

normalize-path@^3.0.0:
  version "3.0.0"
  resolved "https://registry.yarnpkg.com/normalize-path/-/normalize-path-3.0.0.tgz#0dcd69ff23a1c9b11fd0978316644a0388216a65"
  integrity sha512-6eZs5Ls3WtCisHWp9S2GUy8dqkpGi4BVSz3GaqiE6ezub0512ESztXUwUB6C6IKbQkY2Pnb/mD4WYojCRwcwLA==

picomatch@^2.0.4:
  version "2.3.1"
  resolved "https://registry.yarnpkg.com/picomatch/-/picomatch-2.3.1.tgz#3ba3833733646d9d3e4995946c1365a67fb07a42"
  integrity sha512-JU3teHTNjmE2VCGFzuY8EXzCDVwEqB2a8fsIvwaStHhAWJEeVd1o1QD80CU6+ZdEXXSLbSsuLwJjkCBWqRQUVA==

react-is@^16.7.0:
  version "16.13.1"
  resolved "https://registry.yarnpkg.com/react-is/-/react-is-16.13.1.tgz#789729a4dc36de2999dc156dd6c1d9c18cea56a4"
  integrity sha512-24e6ynE2H+OKt4kqsOvNd8kBpV65zoxbA4BVsEOB3ARVWQki/DHzaUoC5KuON/BiccDaCCTZBuOcfZs70kR8bQ==

redux@^4.0.0:
  version "4.2.0"
  resolved "https://registry.yarnpkg.com/redux/-/redux-4.2.0.tgz#46f10d6e29b6666df758780437651eeb2b969f13"
  integrity sha512-oSBmcKKIuIR4ME29/AeNUnl5L+hvBq7OaJWzaptTQJAntaPvxIJqfnjbaEiCzzaIz+XmVILfqAM3Ob0aXLPfjA==
  dependencies:
    "@babel/runtime" "^7.9.2"

regenerator-runtime@^0.13.4:
  version "0.13.9"
  resolved "https://registry.yarnpkg.com/regenerator-runtime/-/regenerator-runtime-0.13.9.tgz#8925742a98ffd90814988d7566ad30ca3b263b52"
  integrity sha512-p3VT+cOEgxFsRRA9X4lkI1E+k2/CtnKtU4gcxyaCUreilL/vqI6CdZ3wxVUx3UOUg+gnUOQQcRI7BmSI656MYA==

source-map@^0.6.0, source-map@^0.6.1:
  version "0.6.1"
  resolved "https://registry.yarnpkg.com/source-map/-/source-map-0.6.1.tgz#74722af32e9614e9c287a8d0bbde48b5e2f1a263"
  integrity sha512-UjgapumWlbMhkBgzT7Ykc5YXUT46F0iKu8SGXq0bcwP5dz/h0Plj6enJqjz1Zbq2l5WaqYnrVbwWOWMyF3F47g==

source-map@^0.7.3:
  version "0.7.4"
  resolved "https://registry.yarnpkg.com/source-map/-/source-map-0.7.4.tgz#a9bbe705c9d8846f4e08ff6765acf0f1b0898656"
  integrity sha512-l3BikUxvPOcn5E74dZiq5BGsTb5yEwhaTSzccU6t4sDOH8NWJCstKO5QT2CvtFoK6F0saL7p9xHAqHOlCPJygA==
